<Solution>
  <Project Path="SistemaGH.Core/SistemaGH.Core.csproj" />
  <Project Path="SistemaGH.Infrastructure/SistemaGH.Infrastructure.csproj" />
  <Project Path="SistemaGH.Integrations/SistemaGH.Integrations.csproj" />
  <Project Path="SistemaGH.Storage/SistemaGH.Storage.csproj" />
  <Project Path="SistemaGH.Web/SistemaGH.Web.csproj" />
</Solution>
